// !$*UTF8*$!
{
	archiveVersion = 1;
	classes = {
	};
	objectVersion = 77;
	objects = {

/* Begin PBXContainerItemProxy section */
		5FD162012E15E3110032B7CE /* PBXContainerItemProxy */ = {
			isa = PBXContainerItemProxy;
			containerPortal = 5FD161E92E15E30B0032B7CE /* Project object */;
			proxyType = 1;
			remoteGlobalIDString = 5FD161F02E15E30B0032B7CE;
			remoteInfo = FlickBuyApp;
		};
		5FD1620B2E15E3110032B7CE /* PBXContainerItemProxy */ = {
			isa = PBXContainerItemProxy;
			containerPortal = 5FD161E92E15E30B0032B7CE /* Project object */;
			proxyType = 1;
			remoteGlobalIDString = 5FD161F02E15E30B0032B7CE;
			remoteInfo = FlickBuyApp;
		};
/* End PBXContainerItemProxy section */

/* Begin PBXFileReference section */
		5FD161F12E15E30B0032B7CE /* FlickBuyApp.app */ = {isa = PBXFileReference; explicitFileType = wrapper.application; includeInIndex = 0; path = FlickBuyApp.app; sourceTree = BUILT_PRODUCTS_DIR; };
		5FD162002E15E3110032B7CE /* FlickBuyAppTests.xctest */ = {isa = PBXFileReference; explicitFileType = wrapper.cfbundle; includeInIndex = 0; path = FlickBuyAppTests.xctest; sourceTree = BUILT_PRODUCTS_DIR; };
		5FD1620A2E15E3110032B7CE /* FlickBuyAppUITests.xctest */ = {isa = PBXFileReference; explicitFileType = wrapper.cfbundle; includeInIndex = 0; path = FlickBuyAppUITests.xctest; sourceTree = BUILT_PRODUCTS_DIR; };
/* End PBXFileReference section */

/* Begin PBXFileSystemSynchronizedRootGroup section */
		5FD161F32E15E30B0032B7CE /* FlickBuyApp */ = {
			isa = PBXFileSystemSynchronizedRootGroup;
			path = FlickBuyApp;
			sourceTree = "<group>";
		};
		5FD162032E15E3110032B7CE /* FlickBuyAppTests */ = {
			isa = PBXFileSystemSynchronizedRootGroup;
			path = FlickBuyAppTests;
			sourceTree = "<group>";
		};
		5FD1620D2E15E3110032B7CE /* FlickBuyAppUITests */ = {
			isa = PBXFileSystemSynchronizedRootGroup;
			path = FlickBuyAppUITests;
			sourceTree = "<group>";
		};
/* End PBXFileSystemSynchronizedRootGroup section */

/* Begin PBXFrameworksBuildPhase section */
		5FD161EE2E15E30B0032B7CE /* Frameworks */ = {
			isa = PBXFrameworksBuildPhase;
			buildActionMask = 2147483647;
			files = (
			);
			runOnlyForDeploymentPostprocessing = 0;
		};
		5FD161FD2E15E3110032B7CE /* Frameworks */ = {
			isa = PBXFrameworksBuildPhase;
			buildActionMask = 2147483647;
			files = (
			);
			runOnlyForDeploymentPostprocessing = 0;
		};
		5FD162072E15E3110032B7CE /* Frameworks */ = {
			isa = PBXFrameworksBuildPhase;
			buildActionMask = 2147483647;
			files = (
			);
			runOnlyForDeploymentPostprocessing = 0;
		};
/* End PBXFrameworksBuildPhase section */

/* Begin PBXGroup section */
		5FD161E82E15E30B0032B7CE = {
			isa = PBXGroup;
			children = (
				5FD161F32E15E30B0032B7CE /* FlickBuyApp */,
				5FD162032E15E3110032B7CE /* FlickBuyAppTests */,
				5FD1620D2E15E3110032B7CE /* FlickBuyAppUITests */,
				5FD161F22E15E30B0032B7CE /* Products */,
			);
			sourceTree = "<group>";
		};
		5FD161F22E15E30B0032B7CE /* Products */ = {
			isa = PBXGroup;
			children = (
				5FD161F12E15E30B0032B7CE /* FlickBuyApp.app */,
				5FD162002E15E3110032B7CE /* FlickBuyAppTests.xctest */,
				5FD1620A2E15E3110032B7CE /* FlickBuyAppUITests.xctest */,
			);
			name = Products;
			sourceTree = "<group>";
		};
/* End PBXGroup section */

/* Begin PBXNativeTarget section */
		5FD161F02E15E30B0032B7CE /* FlickBuyApp */ = {
			isa = PBXNativeTarget;
			buildConfigurationList = 5FD162142E15E3110032B7CE /* Build configuration list for PBXNativeTarget "FlickBuyApp" */;
			buildPhases = (
				5FD161ED2E15E30B0032B7CE /* Sources */,
				5FD161EE2E15E30B0032B7CE /* Frameworks */,
				5FD161EF2E15E30B0032B7CE /* Resources */,
			);
			buildRules = (
			);
			dependencies = (
			);
			fileSystemSynchronizedGroups = (
				5FD161F32E15E30B0032B7CE /* FlickBuyApp */,
			);
			name = FlickBuyApp;
			packageProductDependencies = (
			);
			productName = FlickBuyApp;
			productReference = 5FD161F12E15E30B0032B7CE /* FlickBuyApp.app */;
			productType = "com.apple.product-type.application";
		};
		5FD161FF2E15E3110032B7CE /* FlickBuyAppTests */ = {
			isa = PBXNativeTarget;
			buildConfigurationList = 5FD162172E15E3110032B7CE /* Build configuration list for PBXNativeTarget "FlickBuyAppTests" */;
			buildPhases = (
				5FD161FC2E15E3110032B7CE /* Sources */,
				5FD161FD2E15E3110032B7CE /* Frameworks */,
				5FD161FE2E15E3110032B7CE /* Resources */,
			);
			buildRules = (
			);
			dependencies = (
				5FD162022E15E3110032B7CE /* PBXTargetDependency */,
			);
			fileSystemSynchronizedGroups = (
				5FD162032E15E3110032B7CE /* FlickBuyAppTests */,
			);
			name = FlickBuyAppTests;
			packageProductDependencies = (
			);
			productName = FlickBuyAppTests;
			productReference = 5FD162002E15E3110032B7CE /* FlickBuyAppTests.xctest */;
			productType = "com.apple.product-type.bundle.unit-test";
		};
		5FD162092E15E3110032B7CE /* FlickBuyAppUITests */ = {
			isa = PBXNativeTarget;
			buildConfigurationList = 5FD1621A2E15E3110032B7CE /* Build configuration list for PBXNativeTarget "FlickBuyAppUITests" */;
			buildPhases = (
				5FD162062E15E3110032B7CE /* Sources */,
				5FD162072E15E3110032B7CE /* Frameworks */,
				5FD162082E15E3110032B7CE /* Resources */,
			);
			buildRules = (
			);
			dependencies = (
				5FD1620C2E15E3110032B7CE /* PBXTargetDependency */,
			);
			fileSystemSynchronizedGroups = (
				5FD1620D2E15E3110032B7CE /* FlickBuyAppUITests */,
			);
			name = FlickBuyAppUITests;
			packageProductDependencies = (
			);
			productName = FlickBuyAppUITests;
			productReference = 5FD1620A2E15E3110032B7CE /* FlickBuyAppUITests.xctest */;
			productType = "com.apple.product-type.bundle.ui-testing";
		};
/* End PBXNativeTarget section */

/* Begin PBXProject section */
		5FD161E92E15E30B0032B7CE /* Project object */ = {
			isa = PBXProject;
			attributes = {
				BuildIndependentTargetsInParallel = 1;
				LastSwiftUpdateCheck = 1640;
				LastUpgradeCheck = 1640;
				TargetAttributes = {
					5FD161F02E15E30B0032B7CE = {
						CreatedOnToolsVersion = 16.4;
					};
					5FD161FF2E15E3110032B7CE = {
						CreatedOnToolsVersion = 16.4;
						TestTargetID = 5FD161F02E15E30B0032B7CE;
					};
					5FD162092E15E3110032B7CE = {
						CreatedOnToolsVersion = 16.4;
						TestTargetID = 5FD161F02E15E30B0032B7CE;
					};
				};
			};
			buildConfigurationList = 5FD161EC2E15E30B0032B7CE /* Build configuration list for PBXProject "FlickBuyApp" */;
			developmentRegion = en;
			hasScannedForEncodings = 0;
			knownRegions = (
				en,
				Base,
			);
			mainGroup = 5FD161E82E15E30B0032B7CE;
			minimizedProjectReferenceProxies = 1;
			preferredProjectObjectVersion = 77;
			productRefGroup = 5FD161F22E15E30B0032B7CE /* Products */;
			projectDirPath = "";
			projectRoot = "";
			targets = (
				5FD161F02E15E30B0032B7CE /* FlickBuyApp */,
				5FD161FF2E15E3110032B7CE /* FlickBuyAppTests */,
				5FD162092E15E3110032B7CE /* FlickBuyAppUITests */,
			);
		};
/* End PBXProject section */

/* Begin PBXResourcesBuildPhase section */
		5FD161EF2E15E30B0032B7CE /* Resources */ = {
			isa = PBXResourcesBuildPhase;
			buildActionMask = 2147483647;
			files = (
			);
			runOnlyForDeploymentPostprocessing = 0;
		};
		5FD161FE2E15E3110032B7CE /* Resources */ = {
			isa = PBXResourcesBuildPhase;
			buildActionMask = 2147483647;
			files = (
			);
			runOnlyForDeploymentPostprocessing = 0;
		};
		5FD162082E15E3110032B7CE /* Resources */ = {
			isa = PBXResourcesBuildPhase;
			buildActionMask = 2147483647;
			files = (
			);
			runOnlyForDeploymentPostprocessing = 0;
		};
/* End PBXResourcesBuildPhase section */

/* Begin PBXSourcesBuildPhase section */
		5FD161ED2E15E30B0032B7CE /* Sources */ = {
			isa = PBXSourcesBuildPhase;
			buildActionMask = 2147483647;
			files = (
			);
			runOnlyForDeploymentPostprocessing = 0;
		};
		5FD161FC2E15E3110032B7CE /* Sources */ = {
			isa = PBXSourcesBuildPhase;
			buildActionMask = 2147483647;
			files = (
			);
			runOnlyForDeploymentPostprocessing = 0;
		};
		5FD162062E15E3110032B7CE /* Sources */ = {
			isa = PBXSourcesBuildPhase;
			buildActionMask = 2147483647;
			files = (
			);
			runOnlyForDeploymentPostprocessing = 0;
		};
/* End PBXSourcesBuildPhase section */

/* Begin PBXTargetDependency section */
		5FD162022E15E3110032B7CE /* PBXTargetDependency */ = {
			isa = PBXTargetDependency;
			target = 5FD161F02E15E30B0032B7CE /* FlickBuyApp */;
			targetProxy = 5FD162012E15E3110032B7CE /* PBXContainerItemProxy */;
		};
		5FD1620C2E15E3110032B7CE /* PBXTargetDependency */ = {
			isa = PBXTargetDependency;
			target = 5FD161F02E15E30B0032B7CE /* FlickBuyApp */;
			targetProxy = 5FD1620B2E15E3110032B7CE /* PBXContainerItemProxy */;
		};
/* End PBXTargetDependency section */

/* Begin XCBuildConfiguration section */
		5FD162122E15E3110032B7CE /* Debug */ = {
			isa = XCBuildConfiguration;
			buildSettings = {
				ALWAYS_SEARCH_USER_PATHS = NO;
				ASSETCATALOG_COMPILER_GENERATE_SWIFT_ASSET_SYMBOL_EXTENSIONS = YES;
				CLANG_ANALYZER_NONNULL = YES;
				CLANG_ANALYZER_NUMBER_OBJECT_CONVERSION = YES_AGGRESSIVE;
				CLANG_CXX_LANGUAGE_STANDARD = "gnu++20";
				CLANG_ENABLE_MODULES = YES;
				CLANG_ENABLE_OBJC_ARC = YES;
				CLANG_ENABLE_OBJC_WEAK = YES;
				CLANG_WARN_BLOCK_CAPTURE_AUTORELEASING = YES;
				CLANG_WARN_BOOL_CONVERSION = YES;
				CLANG_WARN_COMMA = YES;
				CLANG_WARN_CONSTANT_CONVERSION = YES;
				CLANG_WARN_DEPRECATED_OBJC_IMPLEMENTATIONS = YES;
				CLANG_WARN_DIRECT_OBJC_ISA_USAGE = YES_ERROR;
				CLANG_WARN_DOCUMENTATION_COMMENTS = YES;
				CLANG_WARN_EMPTY_BODY = YES;
				CLANG_WARN_ENUM_CONVERSION = YES;
				CLANG_WARN_INFINITE_RECURSION = YES;
				CLANG_WARN_INT_CONVERSION = YES;
				CLANG_WARN_NON_LITERAL_NULL_CONVERSION = YES;
				CLANG_WARN_OBJC_IMPLICIT_RETAIN_SELF = YES;
				CLANG_WARN_OBJC_LITERAL_CONVERSION = YES;
				CLANG_WARN_OBJC_ROOT_CLASS = YES_ERROR;
				CLANG_WARN_QUOTED_INCLUDE_IN_FRAMEWORK_HEADER = YES;
				CLANG_WARN_RANGE_LOOP_ANALYSIS = YES;
				CLANG_WARN_STRICT_PROTOTYPES = YES;
				CLANG_WARN_SUSPICIOUS_MOVE = YES;
				CLANG_WARN_UNGUARDED_AVAILABILITY = YES_AGGRESSIVE;
				CLANG_WARN_UNREACHABLE_CODE = YES;
				CLANG_WARN__DUPLICATE_METHOD_MATCH = YES;
				COPY_PHASE_STRIP = NO;
				DEBUG_INFORMATION_FORMAT = dwarf;
				DEVELOPMENT_TEAM = WAN6Y987S4;
				ENABLE_STRICT_OBJC_MSGSEND = YES;
				ENABLE_TESTABILITY = YES;
				ENABLE_USER_SCRIPT_SANDBOXING = YES;
				GCC_C_LANGUAGE_STANDARD = gnu17;
				GCC_DYNAMIC_NO_PIC = NO;
				GCC_NO_COMMON_BLOCKS = YES;
				GCC_OPTIMIZATION_LEVEL = 0;
				GCC_PREPROCESSOR_DEFINITIONS = (
					"DEBUG=1",
					"$(inherited)",
				);
				GCC_WARN_64_TO_32_BIT_CONVERSION = YES;
				GCC_WARN_ABOUT_RETURN_TYPE = YES_ERROR;
				GCC_WARN_UNDECLARED_SELECTOR = YES;
				GCC_WARN_UNINITIALIZED_AUTOS = YES_AGGRESSIVE;
				GCC_WARN_UNUSED_FUNCTION = YES;
				GCC_WARN_UNUSED_VARIABLE = YES;
				IPHONEOS_DEPLOYMENT_TARGET = 18.5;
				LOCALIZATION_PREFERS_STRING_CATALOGS = YES;
				MTL_ENABLE_DEBUG_INFO = INCLUDE_SOURCE;
				MTL_FAST_MATH = YES;
				ONLY_ACTIVE_ARCH = YES;
				SDKROOT = iphoneos;
				SWIFT_ACTIVE_COMPILATION_CONDITIONS = "DEBUG $(inherited)";
				SWIFT_OPTIMIZATION_LEVEL = "-Onone";
			};
			name = Debug;
		};
		5FD162132E15E3110032B7CE /* Release */ = {
			isa = XCBuildConfiguration;
			buildSettings = {
				ALWAYS_SEARCH_USER_PATHS = NO;
				ASSETCATALOG_COMPILER_GENERATE_SWIFT_ASSET_SYMBOL_EXTENSIONS = YES;
				CLANG_ANALYZER_NONNULL = YES;
				CLANG_ANALYZER_NUMBER_OBJECT_CONVERSION = YES_AGGRESSIVE;
				CLANG_CXX_LANGUAGE_STANDARD = "gnu++20";
				CLANG_ENABLE_MODULES = YES;
				CLANG_ENABLE_OBJC_ARC = YES;
				CLANG_ENABLE_OBJC_WEAK = YES;
				CLANG_WARN_BLOCK_CAPTURE_AUTORELEASING = YES;
				CLANG_WARN_BOOL_CONVERSION = YES;
				CLANG_WARN_COMMA = YES;
				CLANG_WARN_CONSTANT_CONVERSION = YES;
				CLANG_WARN_DEPRECATED_OBJC_IMPLEMENTATIONS = YES;
				CLANG_WARN_DIRECT_OBJC_ISA_USAGE = YES_ERROR;
				CLANG_WARN_DOCUMENTATION_COMMENTS = YES;
				CLANG_WARN_EMPTY_BODY = YES;
				CLANG_WARN_ENUM_CONVERSION = YES;
				CLANG_WARN_INFINITE_RECURSION = YES;
				CLANG_WARN_INT_CONVERSION = YES;
				CLANG_WARN_NON_LITERAL_NULL_CONVERSION = YES;
				CLANG_WARN_OBJC_IMPLICIT_RETAIN_SELF = YES;
				CLANG_WARN_OBJC_LITERAL_CONVERSION = YES;
				CLANG_WARN_OBJC_ROOT_CLASS = YES_ERROR;
				CLANG_WARN_QUOTED_INCLUDE_IN_FRAMEWORK_HEADER = YES;
				CLANG_WARN_RANGE_LOOP_ANALYSIS = YES;
				CLANG_WARN_STRICT_PROTOTYPES = YES;
				CLANG_WARN_SUSPICIOUS_MOVE = YES;
				CLANG_WARN_UNGUARDED_AVAILABILITY = YES_AGGRESSIVE;
				CLANG_WARN_UNREACHABLE_CODE = YES;
				CLANG_WARN__DUPLICATE_METHOD_MATCH = YES;
				COPY_PHASE_STRIP = NO;
				DEBUG_INFORMATION_FORMAT = "dwarf-with-dsym";
				DEVELOPMENT_TEAM = WAN6Y987S4;
				ENABLE_NS_ASSERTIONS = NO;
				ENABLE_STRICT_OBJC_MSGSEND = YES;
				ENABLE_USER_SCRIPT_SANDBOXING = YES;
				GCC_C_LANGUAGE_STANDARD = gnu17;
				GCC_NO_COMMON_BLOCKS = YES;
				GCC_WARN_64_TO_32_BIT_CONVERSION = YES;
				GCC_WARN_ABOUT_RETURN_TYPE = YES_ERROR;
				GCC_WARN_UNDECLARED_SELECTOR = YES;
				GCC_WARN_UNINITIALIZED_AUTOS = YES_AGGRESSIVE;
				GCC_WARN_UNUSED_FUNCTION = YES;
				GCC_WARN_UNUSED_VARIABLE = YES;
				IPHONEOS_DEPLOYMENT_TARGET = 18.5;
				LOCALIZATION_PREFERS_STRING_CATALOGS = YES;
				MTL_ENABLE_DEBUG_INFO = NO;
				MTL_FAST_MATH = YES;
				SDKROOT = iphoneos;
				SWIFT_COMPILATION_MODE = wholemodule;
				VALIDATE_PRODUCT = YES;
			};
			name = Release;
		};
		5FD162152E15E3110032B7CE /* Debug */ = {
			isa = XCBuildConfiguration;
			buildSettings = {
				ASSETCATALOG_COMPILER_APPICON_NAME = AppIcon;
				ASSETCATALOG_COMPILER_GLOBAL_ACCENT_COLOR_NAME = AccentColor;
				CODE_SIGN_STYLE = Automatic;
				CURRENT_PROJECT_VERSION = 1;
				DEVELOPMENT_TEAM = WAN6Y987S4;
				ENABLE_PREVIEWS = YES;
				GENERATE_INFOPLIST_FILE = YES;
				INFOPLIST_KEY_UIApplicationSceneManifest_Generation = YES;
				INFOPLIST_KEY_UIApplicationSupportsIndirectInputEvents = YES;
				INFOPLIST_KEY_UILaunchScreen_Generation = YES;
				INFOPLIST_KEY_UISupportedInterfaceOrientations_iPad = "UIInterfaceOrientationPortrait UIInterfaceOrientationPortraitUpsideDown UIInterfaceOrientationLandscapeLeft UIInterfaceOrientationLandscapeRight";
				INFOPLIST_KEY_UISupportedInterfaceOrientations_iPhone = "UIInterfaceOrientationPortrait UIInterfaceOrientationLandscapeLeft UIInterfaceOrientationLandscapeRight";
				LD_RUNPATH_SEARCH_PATHS = (
					"$(inherited)",
					"@executable_path/Frameworks",
				);
				MARKETING_VERSION = 1.0;
				PRODUCT_BUNDLE_IDENTIFIER = vn.dvphu.app.FlickBuyApp;
				PRODUCT_NAME = "$(TARGET_NAME)";
				SWIFT_EMIT_LOC_STRINGS = YES;
				SWIFT_VERSION = 5.0;
				TARGETED_DEVICE_FAMILY = "1,2";
			};
			name = Debug;
		};
		5FD162162E15E3110032B7CE /* Release */ = {
			isa = XCBuildConfiguration;
			buildSettings = {
				ASSETCATALOG_COMPILER_APPICON_NAME = AppIcon;
				ASSETCATALOG_COMPILER_GLOBAL_ACCENT_COLOR_NAME = AccentColor;
				CODE_SIGN_STYLE = Automatic;
				CURRENT_PROJECT_VERSION = 1;
				DEVELOPMENT_TEAM = WAN6Y987S4;
				ENABLE_PREVIEWS = YES;
				GENERATE_INFOPLIST_FILE = YES;
				INFOPLIST_KEY_UIApplicationSceneManifest_Generation = YES;
				INFOPLIST_KEY_UIApplicationSupportsIndirectInputEvents = YES;
				INFOPLIST_KEY_UILaunchScreen_Generation = YES;
				INFOPLIST_KEY_UISupportedInterfaceOrientations_iPad = "UIInterfaceOrientationPortrait UIInterfaceOrientationPortraitUpsideDown UIInterfaceOrientationLandscapeLeft UIInterfaceOrientationLandscapeRight";
				INFOPLIST_KEY_UISupportedInterfaceOrientations_iPhone = "UIInterfaceOrientationPortrait UIInterfaceOrientationLandscapeLeft UIInterfaceOrientationLandscapeRight";
				LD_RUNPATH_SEARCH_PATHS = (
					"$(inherited)",
					"@executable_path/Frameworks",
				);
				MARKETING_VERSION = 1.0;
				PRODUCT_BUNDLE_IDENTIFIER = vn.dvphu.app.FlickBuyApp;
				PRODUCT_NAME = "$(TARGET_NAME)";
				SWIFT_EMIT_LOC_STRINGS = YES;
				SWIFT_VERSION = 5.0;
				TARGETED_DEVICE_FAMILY = "1,2";
			};
			name = Release;
		};
		5FD162182E15E3110032B7CE /* Debug */ = {
			isa = XCBuildConfiguration;
			buildSettings = {
				BUNDLE_LOADER = "$(TEST_HOST)";
				CODE_SIGN_STYLE = Automatic;
				CURRENT_PROJECT_VERSION = 1;
				DEVELOPMENT_TEAM = WAN6Y987S4;
				GENERATE_INFOPLIST_FILE = YES;
				IPHONEOS_DEPLOYMENT_TARGET = 18.5;
				MARKETING_VERSION = 1.0;
				PRODUCT_BUNDLE_IDENTIFIER = vn.dvphu.app.FlickBuyAppTests;
				PRODUCT_NAME = "$(TARGET_NAME)";
				SWIFT_EMIT_LOC_STRINGS = NO;
				SWIFT_VERSION = 5.0;
				TARGETED_DEVICE_FAMILY = "1,2";
				TEST_HOST = "$(BUILT_PRODUCTS_DIR)/FlickBuyApp.app/$(BUNDLE_EXECUTABLE_FOLDER_PATH)/FlickBuyApp";
			};
			name = Debug;
		};
		5FD162192E15E3110032B7CE /* Release */ = {
			isa = XCBuildConfiguration;
			buildSettings = {
				BUNDLE_LOADER = "$(TEST_HOST)";
				CODE_SIGN_STYLE = Automatic;
				CURRENT_PROJECT_VERSION = 1;
				DEVELOPMENT_TEAM = WAN6Y987S4;
				GENERATE_INFOPLIST_FILE = YES;
				IPHONEOS_DEPLOYMENT_TARGET = 18.5;
				MARKETING_VERSION = 1.0;
				PRODUCT_BUNDLE_IDENTIFIER = vn.dvphu.app.FlickBuyAppTests;
				PRODUCT_NAME = "$(TARGET_NAME)";
				SWIFT_EMIT_LOC_STRINGS = NO;
				SWIFT_VERSION = 5.0;
				TARGETED_DEVICE_FAMILY = "1,2";
				TEST_HOST = "$(BUILT_PRODUCTS_DIR)/FlickBuyApp.app/$(BUNDLE_EXECUTABLE_FOLDER_PATH)/FlickBuyApp";
			};
			name = Release;
		};
		5FD1621B2E15E3110032B7CE /* Debug */ = {
			isa = XCBuildConfiguration;
			buildSettings = {
				CODE_SIGN_STYLE = Automatic;
				CURRENT_PROJECT_VERSION = 1;
				DEVELOPMENT_TEAM = WAN6Y987S4;
				GENERATE_INFOPLIST_FILE = YES;
				MARKETING_VERSION = 1.0;
				PRODUCT_BUNDLE_IDENTIFIER = vn.dvphu.app.FlickBuyAppUITests;
				PRODUCT_NAME = "$(TARGET_NAME)";
				SWIFT_EMIT_LOC_STRINGS = NO;
				SWIFT_VERSION = 5.0;
				TARGETED_DEVICE_FAMILY = "1,2";
				TEST_TARGET_NAME = FlickBuyApp;
			};
			name = Debug;
		};
		5FD1621C2E15E3110032B7CE /* Release */ = {
			isa = XCBuildConfiguration;
			buildSettings = {
				CODE_SIGN_STYLE = Automatic;
				CURRENT_PROJECT_VERSION = 1;
				DEVELOPMENT_TEAM = WAN6Y987S4;
				GENERATE_INFOPLIST_FILE = YES;
				MARKETING_VERSION = 1.0;
				PRODUCT_BUNDLE_IDENTIFIER = vn.dvphu.app.FlickBuyAppUITests;
				PRODUCT_NAME = "$(TARGET_NAME)";
				SWIFT_EMIT_LOC_STRINGS = NO;
				SWIFT_VERSION = 5.0;
				TARGETED_DEVICE_FAMILY = "1,2";
				TEST_TARGET_NAME = FlickBuyApp;
			};
			name = Release;
		};
/* End XCBuildConfiguration section */

/* Begin XCConfigurationList section */
		5FD161EC2E15E30B0032B7CE /* Build configuration list for PBXProject "FlickBuyApp" */ = {
			isa = XCConfigurationList;
			buildConfigurations = (
				5FD162122E15E3110032B7CE /* Debug */,
				5FD162132E15E3110032B7CE /* Release */,
			);
			defaultConfigurationIsVisible = 0;
			defaultConfigurationName = Release;
		};
		5FD162142E15E3110032B7CE /* Build configuration list for PBXNativeTarget "FlickBuyApp" */ = {
			isa = XCConfigurationList;
			buildConfigurations = (
				5FD162152E15E3110032B7CE /* Debug */,
				5FD162162E15E3110032B7CE /* Release */,
			);
			defaultConfigurationIsVisible = 0;
			defaultConfigurationName = Release;
		};
		5FD162172E15E3110032B7CE /* Build configuration list for PBXNativeTarget "FlickBuyAppTests" */ = {
			isa = XCConfigurationList;
			buildConfigurations = (
				5FD162182E15E3110032B7CE /* Debug */,
				5FD162192E15E3110032B7CE /* Release */,
			);
			defaultConfigurationIsVisible = 0;
			defaultConfigurationName = Release;
		};
		5FD1621A2E15E3110032B7CE /* Build configuration list for PBXNativeTarget "FlickBuyAppUITests" */ = {
			isa = XCConfigurationList;
			buildConfigurations = (
				5FD1621B2E15E3110032B7CE /* Debug */,
				5FD1621C2E15E3110032B7CE /* Release */,
			);
			defaultConfigurationIsVisible = 0;
			defaultConfigurationName = Release;
		};
/* End XCConfigurationList section */
	};
	rootObject = 5FD161E92E15E30B0032B7CE /* Project object */;
}
